<?xml version="1.0" encoding="utf-8"?>
<Project ToolsVersion="4.0" xmlns="http://schemas.microsoft.com/developer/msbuild/2003">
  <ItemGroup>
    <Filter Include="Source Files">
      <UniqueIdentifier>{e250990b-5f46-4fcd-a2ef-f41bc9a18d86}</UniqueIdentifier>
      <Extensions>cpp;c;cxx;rc;def;r;odl;idl;hpj;bat</Extensions>
    </Filter>
    <Filter Include="Header Files">
      <UniqueIdentifier>{faff499c-b8f7-495c-a2da-82bc758bb5da}</UniqueIdentifier>
      <Extensions>h;hpp;hxx;hm;inl</Extensions>
    </Filter>
    <Filter Include="Resource Files">
      <UniqueIdentifier>{ed720dd9-8317-432b-87d8-02da0f852451}</UniqueIdentifier>
      <Extensions>ico;cur;bmp;dlg;rc2;rct;bin;rgs;gif;jpg;jpeg;jpe</Extensions>
    </Filter>
  </ItemGroup>
  <ItemGroup>
    <ClCompile Include="DllEntry.cpp">
      <Filter>Source Files</Filter>
    </ClCompile>
    <ClCompile Include="PrimitiveRenderer.cpp">
      <Filter>Source Files</Filter>
    </ClCompile>
    <ClCompile Include="BasePrimitiveDisplayCallback.cpp">
      <Filter>Source Files</Filter>
    </ClCompile>
    <ClCompile Include="DrawIndexedPrimitiveCallback.cpp">
      <Filter>Source Files</Filter>
    </ClCompile>
  </ItemGroup>
  <ItemGroup>
    <None Include="PrimitiveRenderer.def">
      <Filter>Source Files</Filter>
    </None>
  </ItemGroup>
  <ItemGroup>
    <ClInclude Include="PrimitiveRenderer.h">
      <Filter>Header Files</Filter>
    </ClInclude>
    <ClInclude Include="resource.h">
      <Filter>Header Files</Filter>
    </ClInclude>
    <ClInclude Include="veroverrides.h">
      <Filter>Header Files</Filter>
    </ClInclude>
    <ClInclude Include="BasePrimitiveDisplayCallback.h">
      <Filter>Header Files</Filter>
    </ClInclude>
    <ClInclude Include="DrawIndexedPrimitiveCallback.h">
      <Filter>Header Files</Filter>
    </ClInclude>
    <ClInclude Include="DrawMarkerCallback.h">
      <Filter>Header Files</Filter>
    </ClInclude>
    <ClInclude Include="DrawTexturePrimitiveCallback.h">
      <Filter>Header Files</Filter>
    </ClInclude>
  </ItemGroup>
  <ItemGroup>
    <ResourceCompile Include="PrimitiveRenderer.rc">
      <Filter>Resource Files</Filter>
    </ResourceCompile>
  </ItemGroup>
</Project>