<?xml version="1.0" encoding="utf-8"?>
<Project ToolsVersion="4.0" xmlns="http://schemas.microsoft.com/developer/msbuild/2003">
  <ItemGroup>
    <Filter Include="Source Files">
      <UniqueIdentifier>{1540c4d6-a536-45f5-b48a-3a4f1e32ec4f}</UniqueIdentifier>
      <Extensions>cpp;c;cxx;rc;def;r;odl;idl;hpj;bat</Extensions>
    </Filter>
    <Filter Include="Header Files">
      <UniqueIdentifier>{f2ce5264-7e03-4577-8783-84a8b1db7724}</UniqueIdentifier>
      <Extensions>h;hpp;hxx;hm;inl</Extensions>
    </Filter>
    <Filter Include="Resource Files">
      <UniqueIdentifier>{624ff628-ce6f-4c42-948b-6da7d469fcd2}</UniqueIdentifier>
      <Extensions>ico;cur;bmp;dlg;rc2;rct;bin;rgs;gif;jpg;jpeg;jpe</Extensions>
    </Filter>
  </ItemGroup>
  <ItemGroup>
    <ClCompile Include="dllentry.cpp">
      <Filter>Source Files</Filter>
    </ClCompile>
    <ClCompile Include="helpers.cpp">
      <Filter>Source Files</Filter>
    </ClCompile>
    <ClCompile Include="viewporttexture.cpp">
      <Filter>Source Files</Filter>
    </ClCompile>
    <ClCompile Include="viewporttextureclassdesc.cpp">
      <Filter>Source Files</Filter>
    </ClCompile>
    <ClCompile Include="viewporttexturedlgproc.cpp">
      <Filter>Source Files</Filter>
    </ClCompile>
  </ItemGroup>
  <ItemGroup>
    <None Include="viewporttexture.def">
      <Filter>Source Files</Filter>
    </None>
  </ItemGroup>
  <ItemGroup>
    <ClInclude Include="helpers.h">
      <Filter>Header Files</Filter>
    </ClInclude>
    <ClInclude Include="resource.h">
      <Filter>Header Files</Filter>
    </ClInclude>
    <ClInclude Include="veroverrides.h">
      <Filter>Header Files</Filter>
    </ClInclude>
    <ClInclude Include="viewporttexture.h">
      <Filter>Header Files</Filter>
    </ClInclude>
    <ClInclude Include="viewporttextureclassdesc.h">
      <Filter>Header Files</Filter>
    </ClInclude>
    <ClInclude Include="viewporttexturedlgproc.h">
      <Filter>Header Files</Filter>
    </ClInclude>
  </ItemGroup>
  <ItemGroup>
    <ResourceCompile Include="ViewportTexture.rc">
      <Filter>Resource Files</Filter>
    </ResourceCompile>
  </ItemGroup>
</Project>