Microsoft Visual Studio Solution File, Format Version 12.00
# Visual Studio Version 16
VisualStudioVersion = 16.0.32106.194
MinimumVisualStudioVersion = 10.0.40219.1
Project("{8BC9CEB8-8B4A-11D0-8D11-00A0C91BC942}") = "CSCommon", "..\CSCommon\CSCommon.vcxproj", "{CBD109C1-1AA3-4A57-B439-9919C08FAAA5}"
	ProjectSection(ProjectDependencies) = postProject
		{76A2FF14-2736-44CB-BE78-83CF0C6ADC9D} = {76A2FF14-2736-44CB-BE78-83CF0C6ADC9D}
		{43FAAF56-EA88-4D3F-95B7-14A0582F3290} = {43FAAF56-EA88-4D3F-95B7-14A0582F3290}
		{20B5465D-8790-43FA-A2A2-EE29F3F0F9BC} = {20B5465D-8790-43FA-A2A2-EE29F3F0F9BC}
		{8D451493-65C2-49C3-ADAE-ACB17E6B0650} = {8D451493-65C2-49C3-ADAE-ACB17E6B0650}
		{98475FA7-BEA2-42EE-9B1C-31D9684D237B} = {98475FA7-BEA2-42EE-9B1C-31D9684D237B}
		{6C8069BD-5E8C-41EC-8BD9-2F819291BA67} = {6C8069BD-5E8C-41EC-8BD9-2F819291BA67}
		{E88600D6-EB31-49F7-9E06-678802D97B82} = {E88600D6-EB31-49F7-9E06-678802D97B82}
		{68FD6FF4-464A-4484-B397-0DFCC060B773} = {68FD6FF4-464A-4484-B397-0DFCC060B773}
	EndProjectSection
EndProject
Project("{8BC9CEB8-8B4A-11D0-8D11-00A0C91BC942}") = "SafeUDP", "..\SafeUDP\SafeUDP.vcxproj", "{6C8069BD-5E8C-41EC-8BD9-2F819291BA67}"
EndProject
Project("{8BC9CEB8-8B4A-11D0-8D11-00A0C91BC942}") = "Mint2", "..\Mint2\Mint.vcxproj", "{20B5465D-8790-43FA-A2A2-EE29F3F0F9BC}"
EndProject
Project("{8BC9CEB8-8B4A-11D0-8D11-00A0C91BC942}") = "RealSpace2", "..\RealSpace2\RealSpace2.vcxproj", "{68FD6FF4-464A-4484-B397-0DFCC060B773}"
EndProject
Project("{8BC9CEB8-8B4A-11D0-8D11-00A0C91BC942}") = "Gunz", "Gunz.vcxproj", "{8041EB15-6294-4BD7-A597-C2AF493F6340}"
	ProjectSection(ProjectDependencies) = postProject
		{8D451493-65C2-49C3-ADAE-ACB17E6B0650} = {8D451493-65C2-49C3-ADAE-ACB17E6B0650}
		{CBD109C1-1AA3-4A57-B439-9919C08FAAA5} = {CBD109C1-1AA3-4A57-B439-9919C08FAAA5}
		{F9030DCC-F51B-4091-BCD5-7E4C9576E92E} = {F9030DCC-F51B-4091-BCD5-7E4C9576E92E}
	EndProjectSection
EndProject
Project("{8BC9CEB8-8B4A-11D0-8D11-00A0C91BC942}") = "RealSound", "..\RealSound\RealSound.vcxproj", "{E88600D6-EB31-49F7-9E06-678802D97B82}"
EndProject
Project("{8BC9CEB8-8B4A-11D0-8D11-00A0C91BC942}") = "MCountryFilter", "..\MCountryFilter\MCountryFilter.vcxproj", "{43FAAF56-EA88-4D3F-95B7-14A0582F3290}"
EndProject
Project("{8BC9CEB8-8B4A-11D0-8D11-00A0C91BC942}") = "cml", "..\cml\cml.vcxproj", "{8D451493-65C2-49C3-ADAE-ACB17E6B0650}"
EndProject
Project("{8BC9CEB8-8B4A-11D0-8D11-00A0C91BC942}") = "MDatabase", "..\MDatabase\MDatabase.vcxproj", "{98475FA7-BEA2-42EE-9B1C-31D9684D237B}"
EndProject
Project("{8BC9CEB8-8B4A-11D0-8D11-00A0C91BC942}") = "StringLiteral", "..\StringLiteral\StringLiteral.vcxproj", "{76A2FF14-2736-44CB-BE78-83CF0C6ADC9D}"
EndProject
Project("{8BC9CEB8-8B4A-11D0-8D11-00A0C91BC942}") = "MatchServer", "..\MatchServer\MatchServer.vcxproj", "{F9030DCC-F51B-4091-BCD5-7E4C9576E92E}"
EndProject
Global
	GlobalSection(SolutionConfigurationPlatforms) = preSolution
		Debug|Win32 = Debug|Win32
		Debug|x86 = Debug|x86
		Release|Win32 = Release|Win32
		Release|x86 = Release|x86
	EndGlobalSection
	GlobalSection(ProjectConfigurationPlatforms) = postSolution
		{CBD109C1-1AA3-4A57-B439-9919C08FAAA5}.Debug|Win32.ActiveCfg = Debug|Win32
		{CBD109C1-1AA3-4A57-B439-9919C08FAAA5}.Debug|Win32.Build.0 = Debug|Win32
		{CBD109C1-1AA3-4A57-B439-9919C08FAAA5}.Debug|x86.ActiveCfg = Debug|Win32
		{CBD109C1-1AA3-4A57-B439-9919C08FAAA5}.Debug|x86.Build.0 = Debug|Win32
		{CBD109C1-1AA3-4A57-B439-9919C08FAAA5}.Release|Win32.ActiveCfg = Release|Win32
		{CBD109C1-1AA3-4A57-B439-9919C08FAAA5}.Release|Win32.Build.0 = Release|Win32
		{CBD109C1-1AA3-4A57-B439-9919C08FAAA5}.Release|x86.ActiveCfg = Release|Win32
		{CBD109C1-1AA3-4A57-B439-9919C08FAAA5}.Release|x86.Build.0 = Release|Win32
		{6C8069BD-5E8C-41EC-8BD9-2F819291BA67}.Debug|Win32.ActiveCfg = Debug|Win32
		{6C8069BD-5E8C-41EC-8BD9-2F819291BA67}.Debug|Win32.Build.0 = Debug|Win32
		{6C8069BD-5E8C-41EC-8BD9-2F819291BA67}.Debug|x86.ActiveCfg = Debug|Win32
		{6C8069BD-5E8C-41EC-8BD9-2F819291BA67}.Debug|x86.Build.0 = Debug|Win32
		{6C8069BD-5E8C-41EC-8BD9-2F819291BA67}.Release|Win32.ActiveCfg = Release|Win32
		{6C8069BD-5E8C-41EC-8BD9-2F819291BA67}.Release|Win32.Build.0 = Release|Win32
		{6C8069BD-5E8C-41EC-8BD9-2F819291BA67}.Release|x86.ActiveCfg = Release|Win32
		{6C8069BD-5E8C-41EC-8BD9-2F819291BA67}.Release|x86.Build.0 = Release|Win32
		{20B5465D-8790-43FA-A2A2-EE29F3F0F9BC}.Debug|Win32.ActiveCfg = Debug|Win32
		{20B5465D-8790-43FA-A2A2-EE29F3F0F9BC}.Debug|Win32.Build.0 = Debug|Win32
		{20B5465D-8790-43FA-A2A2-EE29F3F0F9BC}.Debug|x86.ActiveCfg = Debug|Win32
		{20B5465D-8790-43FA-A2A2-EE29F3F0F9BC}.Debug|x86.Build.0 = Debug|Win32
		{20B5465D-8790-43FA-A2A2-EE29F3F0F9BC}.Release|Win32.ActiveCfg = Release|Win32
		{20B5465D-8790-43FA-A2A2-EE29F3F0F9BC}.Release|Win32.Build.0 = Release|Win32
		{20B5465D-8790-43FA-A2A2-EE29F3F0F9BC}.Release|x86.ActiveCfg = Release|Win32
		{20B5465D-8790-43FA-A2A2-EE29F3F0F9BC}.Release|x86.Build.0 = Release|Win32
		{68FD6FF4-464A-4484-B397-0DFCC060B773}.Debug|Win32.ActiveCfg = Debug|Win32
		{68FD6FF4-464A-4484-B397-0DFCC060B773}.Debug|Win32.Build.0 = Debug|Win32
		{68FD6FF4-464A-4484-B397-0DFCC060B773}.Debug|x86.ActiveCfg = Debug|Win32
		{68FD6FF4-464A-4484-B397-0DFCC060B773}.Debug|x86.Build.0 = Debug|Win32
		{68FD6FF4-464A-4484-B397-0DFCC060B773}.Release|Win32.ActiveCfg = Release_publish|Win32
		{68FD6FF4-464A-4484-B397-0DFCC060B773}.Release|Win32.Build.0 = Release_publish|Win32
		{68FD6FF4-464A-4484-B397-0DFCC060B773}.Release|x86.ActiveCfg = Release_publish|Win32
		{68FD6FF4-464A-4484-B397-0DFCC060B773}.Release|x86.Build.0 = Release_publish|Win32
		{8041EB15-6294-4BD7-A597-C2AF493F6340}.Debug|Win32.ActiveCfg = Debug|Win32
		{8041EB15-6294-4BD7-A597-C2AF493F6340}.Debug|Win32.Build.0 = Debug|Win32
		{8041EB15-6294-4BD7-A597-C2AF493F6340}.Debug|x86.ActiveCfg = Debug|Win32
		{8041EB15-6294-4BD7-A597-C2AF493F6340}.Debug|x86.Build.0 = Debug|Win32
		{8041EB15-6294-4BD7-A597-C2AF493F6340}.Release|Win32.ActiveCfg = Release|Win32
		{8041EB15-6294-4BD7-A597-C2AF493F6340}.Release|Win32.Build.0 = Release|Win32
		{8041EB15-6294-4BD7-A597-C2AF493F6340}.Release|x86.ActiveCfg = Release|Win32
		{8041EB15-6294-4BD7-A597-C2AF493F6340}.Release|x86.Build.0 = Release|Win32
		{E88600D6-EB31-49F7-9E06-678802D97B82}.Debug|Win32.ActiveCfg = Debug|Win32
		{E88600D6-EB31-49F7-9E06-678802D97B82}.Debug|Win32.Build.0 = Debug|Win32
		{E88600D6-EB31-49F7-9E06-678802D97B82}.Debug|x86.ActiveCfg = Debug|Win32
		{E88600D6-EB31-49F7-9E06-678802D97B82}.Debug|x86.Build.0 = Debug|Win32
		{E88600D6-EB31-49F7-9E06-678802D97B82}.Release|Win32.ActiveCfg = Release|Win32
		{E88600D6-EB31-49F7-9E06-678802D97B82}.Release|Win32.Build.0 = Release|Win32
		{E88600D6-EB31-49F7-9E06-678802D97B82}.Release|x86.ActiveCfg = Release|Win32
		{E88600D6-EB31-49F7-9E06-678802D97B82}.Release|x86.Build.0 = Release|Win32
		{43FAAF56-EA88-4D3F-95B7-14A0582F3290}.Debug|Win32.ActiveCfg = Debug|Win32
		{43FAAF56-EA88-4D3F-95B7-14A0582F3290}.Debug|Win32.Build.0 = Debug|Win32
		{43FAAF56-EA88-4D3F-95B7-14A0582F3290}.Debug|x86.ActiveCfg = Debug|Win32
		{43FAAF56-EA88-4D3F-95B7-14A0582F3290}.Debug|x86.Build.0 = Debug|Win32
		{43FAAF56-EA88-4D3F-95B7-14A0582F3290}.Release|Win32.ActiveCfg = Release|Win32
		{43FAAF56-EA88-4D3F-95B7-14A0582F3290}.Release|Win32.Build.0 = Release|Win32
		{43FAAF56-EA88-4D3F-95B7-14A0582F3290}.Release|x86.ActiveCfg = Release|Win32
		{43FAAF56-EA88-4D3F-95B7-14A0582F3290}.Release|x86.Build.0 = Release|Win32
		{8D451493-65C2-49C3-ADAE-ACB17E6B0650}.Debug|Win32.ActiveCfg = Debug|Win32
		{8D451493-65C2-49C3-ADAE-ACB17E6B0650}.Debug|Win32.Build.0 = Debug|Win32
		{8D451493-65C2-49C3-ADAE-ACB17E6B0650}.Debug|x86.ActiveCfg = Debug|Win32
		{8D451493-65C2-49C3-ADAE-ACB17E6B0650}.Debug|x86.Build.0 = Debug|Win32
		{8D451493-65C2-49C3-ADAE-ACB17E6B0650}.Release|Win32.ActiveCfg = Release|Win32
		{8D451493-65C2-49C3-ADAE-ACB17E6B0650}.Release|Win32.Build.0 = Release|Win32
		{8D451493-65C2-49C3-ADAE-ACB17E6B0650}.Release|x86.ActiveCfg = Release|Win32
		{8D451493-65C2-49C3-ADAE-ACB17E6B0650}.Release|x86.Build.0 = Release|Win32
		{98475FA7-BEA2-42EE-9B1C-31D9684D237B}.Debug|Win32.ActiveCfg = Debug|Win32
		{98475FA7-BEA2-42EE-9B1C-31D9684D237B}.Debug|Win32.Build.0 = Debug|Win32
		{98475FA7-BEA2-42EE-9B1C-31D9684D237B}.Debug|x86.ActiveCfg = Debug|Win32
		{98475FA7-BEA2-42EE-9B1C-31D9684D237B}.Debug|x86.Build.0 = Debug|Win32
		{98475FA7-BEA2-42EE-9B1C-31D9684D237B}.Release|Win32.ActiveCfg = Release|Win32
		{98475FA7-BEA2-42EE-9B1C-31D9684D237B}.Release|Win32.Build.0 = Release|Win32
		{98475FA7-BEA2-42EE-9B1C-31D9684D237B}.Release|x86.ActiveCfg = Release|Win32
		{98475FA7-BEA2-42EE-9B1C-31D9684D237B}.Release|x86.Build.0 = Release|Win32
		{76A2FF14-2736-44CB-BE78-83CF0C6ADC9D}.Debug|Win32.ActiveCfg = Debug|Win32
		{76A2FF14-2736-44CB-BE78-83CF0C6ADC9D}.Debug|Win32.Build.0 = Debug|Win32
		{76A2FF14-2736-44CB-BE78-83CF0C6ADC9D}.Debug|x86.ActiveCfg = Debug|Win32
		{76A2FF14-2736-44CB-BE78-83CF0C6ADC9D}.Debug|x86.Build.0 = Debug|Win32
		{76A2FF14-2736-44CB-BE78-83CF0C6ADC9D}.Release|Win32.ActiveCfg = Release|Win32
		{76A2FF14-2736-44CB-BE78-83CF0C6ADC9D}.Release|Win32.Build.0 = Release|Win32
		{76A2FF14-2736-44CB-BE78-83CF0C6ADC9D}.Release|x86.ActiveCfg = Release|Win32
		{76A2FF14-2736-44CB-BE78-83CF0C6ADC9D}.Release|x86.Build.0 = Release|Win32
		{F9030DCC-F51B-4091-BCD5-7E4C9576E92E}.Debug|Win32.ActiveCfg = Debug|Win32
		{F9030DCC-F51B-4091-BCD5-7E4C9576E92E}.Debug|Win32.Build.0 = Debug|Win32
		{F9030DCC-F51B-4091-BCD5-7E4C9576E92E}.Debug|x86.ActiveCfg = Debug|Win32
		{F9030DCC-F51B-4091-BCD5-7E4C9576E92E}.Debug|x86.Build.0 = Debug|Win32
		{F9030DCC-F51B-4091-BCD5-7E4C9576E92E}.Release|Win32.ActiveCfg = Release|Win32
		{F9030DCC-F51B-4091-BCD5-7E4C9576E92E}.Release|Win32.Build.0 = Release|Win32
		{F9030DCC-F51B-4091-BCD5-7E4C9576E92E}.Release|x86.ActiveCfg = Release|Win32
		{F9030DCC-F51B-4091-BCD5-7E4C9576E92E}.Release|x86.Build.0 = Release|Win32
	EndGlobalSection
	GlobalSection(SolutionProperties) = preSolution
		HideSolutionNode = FALSE
	EndGlobalSection
	GlobalSection(ExtensibilityGlobals) = postSolution
		SolutionGuid = {504C3C28-88EB-4C8A-8187-E1E20A6309D1}
	EndGlobalSection
	GlobalSection(DPCodeReviewSolutionGUID) = preSolution
		DPCodeReviewSolutionGUID = {00000000-0000-0000-0000-000000000000}
	EndGlobalSection
EndGlobal
