<?xml version="1.0" encoding="utf-8"?>
<Project ToolsVersion="4.0" xmlns="http://schemas.microsoft.com/developer/msbuild/2003">
  <ItemGroup>
    <Filter Include="Source Files">
      <UniqueIdentifier>{99159cd8-888f-4157-82a5-57198e8523a5}</UniqueIdentifier>
      <Extensions>*.cpp;*.def</Extensions>
    </Filter>
    <Filter Include="Header Files">
      <UniqueIdentifier>{52aa1241-4df5-454d-a86e-5bf907890c82}</UniqueIdentifier>
      <Extensions>*.h</Extensions>
    </Filter>
    <Filter Include="Libraries">
      <UniqueIdentifier>{1639c45b-c9fb-4b3e-85ba-f834373c49cf}</UniqueIdentifier>
      <Extensions>*.lib</Extensions>
    </Filter>
    <Filter Include="Resource Files">
      <UniqueIdentifier>{6e5a77e2-7a40-4ddc-83b0-78c1f7a239e4}</UniqueIdentifier>
      <Extensions>*.rc</Extensions>
    </Filter>
  </ItemGroup>
  <ItemGroup>
    <ClCompile Include="MeshSplit.cpp">
      <Filter>Source Files</Filter>
    </ClCompile>
    <ClCompile Include="SplitMeshes.cpp">
      <Filter>Source Files</Filter>
    </ClCompile>
  </ItemGroup>
  <ItemGroup>
    <None Include="MeshSplit.def">
      <Filter>Source Files</Filter>
    </None>
  </ItemGroup>
  <ItemGroup>
    <ClInclude Include="..\..\..\include\inode.h">
      <Filter>Header Files</Filter>
    </ClInclude>
    <ClInclude Include="..\..\..\include\mesh.h">
      <Filter>Header Files</Filter>
    </ClInclude>
    <ClInclude Include="MeshSplit.h">
      <Filter>Header Files</Filter>
    </ClInclude>
    <ClInclude Include="resource.h">
      <Filter>Header Files</Filter>
    </ClInclude>
  </ItemGroup>
  <ItemGroup>
    <ResourceCompile Include="MeshSplit.rc">
      <Filter>Resource Files</Filter>
    </ResourceCompile>
  </ItemGroup>
</Project>