<?xml version="1.0" encoding="utf-8"?>
<Project ToolsVersion="4.0" xmlns="http://schemas.microsoft.com/developer/msbuild/2003">
  <ItemGroup>
    <Filter Include="Source Files">
      <UniqueIdentifier>{b0655911-a213-40d4-a1c5-e884cc090fc7}</UniqueIdentifier>
      <Extensions>cpp;c;cxx;rc;def;r;odl;idl;hpj;bat</Extensions>
    </Filter>
    <Filter Include="Header Files">
      <UniqueIdentifier>{ccca0ac0-82c6-4e78-ba19-825d7e43ef1a}</UniqueIdentifier>
      <Extensions>h;hpp;hxx;hm;inl</Extensions>
    </Filter>
    <Filter Include="Resource Files">
      <UniqueIdentifier>{de7be61c-e64c-46c6-b679-c687f21998aa}</UniqueIdentifier>
      <Extensions>ico;cur;bmp;dlg;rc2;rct;bin;rgs;gif;jpg;jpeg;jpe</Extensions>
    </Filter>
  </ItemGroup>
  <ItemGroup>
    <ClCompile Include="DllEntry.cpp">
      <Filter>Source Files</Filter>
    </ClCompile>
    <ClCompile Include="pan.cpp">
      <Filter>Source Files</Filter>
    </ClCompile>
    <ClCompile Include="rotate.cpp">
      <Filter>Source Files</Filter>
    </ClCompile>
    <ClCompile Include="ViewportNavigationClassDesc.cpp">
      <Filter>Source Files</Filter>
    </ClCompile>
    <ClCompile Include="ViewportNavigator.cpp">
      <Filter>Source Files</Filter>
    </ClCompile>
    <ClCompile Include="zoom.cpp">
      <Filter>Source Files</Filter>
    </ClCompile>
  </ItemGroup>
  <ItemGroup>
    <None Include="ViewportNavigation.def">
      <Filter>Source Files</Filter>
    </None>
    <None Include="Resources\pan.cur">
      <Filter>Resource Files</Filter>
    </None>
    <None Include="Resources\rotate.cur">
      <Filter>Resource Files</Filter>
    </None>
    <None Include="Resources\zoom.cur">
      <Filter>Resource Files</Filter>
    </None>
  </ItemGroup>
  <ItemGroup>
    <ClInclude Include="Pan.h">
      <Filter>Header Files</Filter>
    </ClInclude>
    <ClInclude Include="resource.h">
      <Filter>Header Files</Filter>
    </ClInclude>
    <ClInclude Include="rotate.h">
      <Filter>Header Files</Filter>
    </ClInclude>
    <ClInclude Include="veroverrides.h">
      <Filter>Header Files</Filter>
    </ClInclude>
    <ClInclude Include="ViewportNavigation.h">
      <Filter>Header Files</Filter>
    </ClInclude>
    <ClInclude Include="ViewportNavigator.h">
      <Filter>Header Files</Filter>
    </ClInclude>
    <ClInclude Include="zoom.h">
      <Filter>Header Files</Filter>
    </ClInclude>
  </ItemGroup>
  <ItemGroup>
    <ResourceCompile Include="ViewportNavigation.rc">
      <Filter>Resource Files</Filter>
    </ResourceCompile>
  </ItemGroup>
</Project>