<?xml version="1.0" encoding="utf-8"?>
<Project ToolsVersion="4.0" xmlns="http://schemas.microsoft.com/developer/msbuild/2003">
  <ItemGroup>
    <ClCompile Include="Bloom.cpp" />
    <ClCompile Include="BloomMain.cpp" />
    <ClCompile Include="BloomUtils.cpp" />
    <ClCompile Include="CResource.cpp" />
    <ClCompile Include="TargetCache.cpp" />
  </ItemGroup>
  <ItemGroup>
    <ClInclude Include="resource.h">
      <Filter>dllMain</Filter>
    </ClInclude>
    <ClInclude Include="veroverrides.h">
      <Filter>dllMain</Filter>
    </ClInclude>
    <ClInclude Include="Bloom.h" />
    <ClInclude Include="BloomMain.h" />
    <ClInclude Include="BloomUtils.h" />
    <ClInclude Include="CResource.h" />
    <ClInclude Include="TargetCache.h" />
  </ItemGroup>
  <ItemGroup>
    <Filter Include="dllMain">
      <UniqueIdentifier>{6a297766-80d8-4432-803d-01624401551b}</UniqueIdentifier>
    </Filter>
    <Filter Include="shaders">
      <UniqueIdentifier>{092390e3-de5d-4028-a131-c7fa10c9143d}</UniqueIdentifier>
    </Filter>
  </ItemGroup>
  <ItemGroup>
    <None Include="Bloom.def" />
  </ItemGroup>
  <ItemGroup>
    <ResourceCompile Include="Bloom.rc" />
  </ItemGroup>
  <ItemGroup>
    <Text Include="shaders\dx9_AddDraw.fx">
      <Filter>shaders</Filter>
    </Text>
    <Text Include="shaders\dx9_Draw.fx">
      <Filter>shaders</Filter>
    </Text>
    <Text Include="shaders\dx9_FilterDraw.fx">
      <Filter>shaders</Filter>
    </Text>
    <Text Include="shaders\dx9_GaussianBlurH.fx">
      <Filter>shaders</Filter>
    </Text>
    <Text Include="shaders\dx9_GaussianBlurV.fx">
      <Filter>shaders</Filter>
    </Text>
    <Text Include="shaders\dx11_AddDraw.fx">
      <Filter>shaders</Filter>
    </Text>
    <Text Include="shaders\dx11_Draw.fx">
      <Filter>shaders</Filter>
    </Text>
    <Text Include="shaders\dx11_FilterDraw.fx">
      <Filter>shaders</Filter>
    </Text>
    <Text Include="shaders\dx11_GaussianBlurH.fx">
      <Filter>shaders</Filter>
    </Text>
    <Text Include="shaders\dx11_GaussianBlurV.fx">
      <Filter>shaders</Filter>
    </Text>
  </ItemGroup>
</Project>