<?xml version="1.0" encoding="utf-8"?>
<Project ToolsVersion="4.0" xmlns="http://schemas.microsoft.com/developer/msbuild/2003">
  <ItemGroup>
    <Filter Include="Doc">
      <UniqueIdentifier>{171d4246-b078-4815-81cb-ce1ac0a833de}</UniqueIdentifier>
    </Filter>
    <Filter Include="Command">
      <UniqueIdentifier>{0062f729-bf0f-48e5-afa3-1b31eb33fa5f}</UniqueIdentifier>
    </Filter>
    <Filter Include="Map">
      <UniqueIdentifier>{e2667c2e-2606-4e3d-b7b6-b31298a08061}</UniqueIdentifier>
    </Filter>
    <Filter Include="MUID">
      <UniqueIdentifier>{f4218d80-26a7-48ab-aaf9-065de6d89734}</UniqueIdentifier>
    </Filter>
    <Filter Include="Object">
      <UniqueIdentifier>{a4eda23e-5cbc-4fb1-b97e-c14bad389555}</UniqueIdentifier>
    </Filter>
    <Filter Include="SharedCommand">
      <UniqueIdentifier>{d06848fd-05b7-4563-a7b1-1a552c572b48}</UniqueIdentifier>
    </Filter>
    <Filter Include="Master">
      <UniqueIdentifier>{d709e8b7-63f6-482b-a4de-3315c97e63da}</UniqueIdentifier>
    </Filter>
    <Filter Include="Client">
      <UniqueIdentifier>{e14471b3-07d2-4349-8b55-b3c35b79ff1a}</UniqueIdentifier>
    </Filter>
    <Filter Include="Server">
      <UniqueIdentifier>{7ca59305-67bc-4f97-98f9-d6c82c23cf1c}</UniqueIdentifier>
    </Filter>
    <Filter Include="IOCPNet">
      <UniqueIdentifier>{f149f130-9187-48d6-a0b9-2ca2127949c3}</UniqueIdentifier>
    </Filter>
    <Filter Include="Packet">
      <UniqueIdentifier>{ebcdf03a-f871-43a7-a6a9-06c53c226b90}</UniqueIdentifier>
    </Filter>
    <Filter Include="MatchServer">
      <UniqueIdentifier>{e4a1edf9-b303-4dd4-9cd1-708aa3301a6c}</UniqueIdentifier>
    </Filter>
    <Filter Include="MatchServer\Ladder">
      <UniqueIdentifier>{9d0e4cfb-0994-4ca0-af7d-47b642730b5c}</UniqueIdentifier>
    </Filter>
    <Filter Include="MatchServer\Game">
      <UniqueIdentifier>{ae45066c-38e5-4c1e-8ca7-6c485e05c81b}</UniqueIdentifier>
    </Filter>
    <Filter Include="MatchServer\Game\Quest">
      <UniqueIdentifier>{2be2e3c4-ae29-4ca0-82d1-9782ce474cdb}</UniqueIdentifier>
    </Filter>
    <Filter Include="MatchServer\Game\Quest\Base">
      <UniqueIdentifier>{82a9c0a6-1c3a-4040-8e52-cec27850a327}</UniqueIdentifier>
    </Filter>
    <Filter Include="MatchServer\Game\GameType">
      <UniqueIdentifier>{c3ce52ad-00e7-4ec0-8da8-71c23618828e}</UniqueIdentifier>
    </Filter>
    <Filter Include="MatchServer\Game\GameType\QuestGameType">
      <UniqueIdentifier>{0e237e29-d033-47ce-bbdd-23b3a52b74b8}</UniqueIdentifier>
    </Filter>
    <Filter Include="MatchServer\Game\Duel Tournament">
      <UniqueIdentifier>{ad299e18-14b7-430d-a5fb-7e12d7de4413}</UniqueIdentifier>
    </Filter>
    <Filter Include="MatchServer\Game\Duel Tournament\GameManager">
      <UniqueIdentifier>{7157b178-e4eb-4226-bd50-9630733742b1}</UniqueIdentifier>
    </Filter>
    <Filter Include="MatchServer\Game\Duel Tournament\GameManager\MatchMaker">
      <UniqueIdentifier>{139ebf62-25e2-4a54-bbfe-67800da23efc}</UniqueIdentifier>
    </Filter>
    <Filter Include="MatchServer\Game\Duel Tournament\GameManager\TimeChecker">
      <UniqueIdentifier>{24abf665-517f-43fa-ba1a-48ac65b1b97f}</UniqueIdentifier>
    </Filter>
    <Filter Include="MatchServer\Game\Duel Tournament\GameRule">
      <UniqueIdentifier>{d93d4fb9-1c81-4364-b37b-b007de13e16a}</UniqueIdentifier>
    </Filter>
    <Filter Include="MatchServer\Game\Duel Tournament\GameRule\Formula">
      <UniqueIdentifier>{390d5176-8c0b-4b55-83fd-8d80d8275ff5}</UniqueIdentifier>
    </Filter>
    <Filter Include="MatchServer\Object">
      <UniqueIdentifier>{c6a95a24-8dbd-4ccd-9a78-32931f56821c}</UniqueIdentifier>
    </Filter>
    <Filter Include="MatchServer\Object\Item">
      <UniqueIdentifier>{d205f335-bda9-4b0b-883d-815a07346fe8}</UniqueIdentifier>
    </Filter>
    <Filter Include="MatchServer\Object\Item\GambleItem">
      <UniqueIdentifier>{37d9a7d6-22c4-4020-bc95-b2581b5e18b9}</UniqueIdentifier>
    </Filter>
    <Filter Include="MatchServer\Object\Item\QuestItem">
      <UniqueIdentifier>{26332825-2df9-4a35-98c3-85168f8d3c04}</UniqueIdentifier>
    </Filter>
    <Filter Include="MatchServer\Object\Item\Buff">
      <UniqueIdentifier>{b498c8df-3cc4-4387-8c6e-ec13a30141fb}</UniqueIdentifier>
    </Filter>
    <Filter Include="MatchServer\Object\PenaltyInfo">
      <UniqueIdentifier>{73f15333-d542-4e3f-8f95-f37c60578155}</UniqueIdentifier>
    </Filter>
    <Filter Include="MatchServer\Object\BattleTimeReward">
      <UniqueIdentifier>{6303f8e3-8119-405b-be3a-f6f68f4fd196}</UniqueIdentifier>
    </Filter>
    <Filter Include="MatchServer\DB">
      <UniqueIdentifier>{9e329d5d-9764-4584-aeb8-17ab001a45ef}</UniqueIdentifier>
    </Filter>
    <Filter Include="MatchServer\DB\Filter">
      <UniqueIdentifier>{4cc5664b-9704-43a7-94f6-4d74679c7668}</UniqueIdentifier>
    </Filter>
    <Filter Include="MatchServer\Server">
      <UniqueIdentifier>{c7ef2493-ae95-40b0-8a35-57dfca51f24f}</UniqueIdentifier>
    </Filter>
    <Filter Include="MatchServer\MMatchServer">
      <UniqueIdentifier>{c9cb03f9-fcec-4b2d-8497-9d0a39544e5a}</UniqueIdentifier>
    </Filter>
    <Filter Include="MatchServer\Event">
      <UniqueIdentifier>{1f39dc68-0e68-45c3-a3d0-0095c49b0b1d}</UniqueIdentifier>
    </Filter>
    <Filter Include="MatchServer\MMatchConfig">
      <UniqueIdentifier>{28f8c493-7343-40ea-944d-7e86bc537b77}</UniqueIdentifier>
    </Filter>
    <Filter Include="AsyncProxy">
      <UniqueIdentifier>{dc482a47-4cc9-4da9-baf9-d6a339be3c74}</UniqueIdentifier>
    </Filter>
    <Filter Include="CommandCommunicator">
      <UniqueIdentifier>{b51ba681-095b-4ddd-9adc-b9f98f476de1}</UniqueIdentifier>
    </Filter>
    <Filter Include="Util">
      <UniqueIdentifier>{24ee38f6-56dd-406e-ae13-ae243fe43265}</UniqueIdentifier>
    </Filter>
    <Filter Include="Locate">
      <UniqueIdentifier>{02ab58fe-db96-40ed-9367-5530e182cf3d}</UniqueIdentifier>
    </Filter>
    <Filter Include="StringRes">
      <UniqueIdentifier>{1c7cad86-ebfe-4672-8cf2-26aa0604196b}</UniqueIdentifier>
    </Filter>
    <Filter Include="Security">
      <UniqueIdentifier>{6e1cc53c-36d6-408c-bcd0-39ab02126704}</UniqueIdentifier>
    </Filter>
    <Filter Include="Security\Test">
      <UniqueIdentifier>{83e70780-624e-43c4-a0e8-dfc1fe4283f6}</UniqueIdentifier>
    </Filter>
    <Filter Include="CustomXMLS">
      <UniqueIdentifier>{89acfbdc-e976-46ab-8927-ed91128dc487}</UniqueIdentifier>
    </Filter>
  </ItemGroup>
  <ItemGroup>
    <None Include="Doxyfile">
      <Filter>Doc</Filter>
    </None>
    <None Include="doxygen.css">
      <Filter>Doc</Filter>
    </None>
    <None Include="footer.html">
      <Filter>Doc</Filter>
    </None>
  </ItemGroup>
  <ItemGroup>
    <ClInclude Include="Include\IndexPage.h">
      <Filter>Doc</Filter>
    </ClInclude>
    <ClInclude Include="Include\MCommand.h">
      <Filter>Command</Filter>
    </ClInclude>
    <ClInclude Include="Include\MCommandBuilder.h">
      <Filter>Command</Filter>
    </ClInclude>
    <ClInclude Include="Include\MCommandManager.h">
      <Filter>Command</Filter>
    </ClInclude>
    <ClInclude Include="Include\MCommandParameter.h">
      <Filter>Command</Filter>
    </ClInclude>
    <ClInclude Include="Include\MCommandProfiler.h">
      <Filter>Command</Filter>
    </ClInclude>
    <ClInclude Include="Include\MGridMap.h">
      <Filter>Map</Filter>
    </ClInclude>
    <ClInclude Include="Include\MUID.h">
      <Filter>MUID</Filter>
    </ClInclude>
    <ClInclude Include="Include\MObject.h">
      <Filter>Object</Filter>
    </ClInclude>
    <ClInclude Include="Include\MObjectTypes.h">
      <Filter>Object</Filter>
    </ClInclude>
    <ClInclude Include="Include\MSharedCommandTable.h">
      <Filter>SharedCommand</Filter>
    </ClInclude>
    <ClInclude Include="Include\MMaster.h">
      <Filter>Master</Filter>
    </ClInclude>
    <ClInclude Include="Include\MChattingFilter.h">
      <Filter>Client</Filter>
    </ClInclude>
    <ClInclude Include="Include\MClient.h">
      <Filter>Client</Filter>
    </ClInclude>
    <ClInclude Include="Include\MCustomClient.h">
      <Filter>Client</Filter>
    </ClInclude>
    <ClInclude Include="Include\MMatchClient.h">
      <Filter>Client</Filter>
    </ClInclude>
    <ClInclude Include="Include\MTCPSocket.h">
      <Filter>Client</Filter>
    </ClInclude>
    <ClInclude Include="Include\MServer.h">
      <Filter>Server</Filter>
    </ClInclude>
    <ClInclude Include="Include\RealCPNet.h">
      <Filter>IOCPNet</Filter>
    </ClInclude>
    <ClInclude Include="Include\MPacket.h">
      <Filter>Packet</Filter>
    </ClInclude>
    <ClInclude Include="Include\MPacketCrypter.h">
      <Filter>Packet</Filter>
    </ClInclude>
    <ClInclude Include="Include\MPacketHShieldCrypter.h">
      <Filter>Packet</Filter>
    </ClInclude>
    <ClInclude Include="Include\Msg.h">
      <Filter>Packet</Filter>
    </ClInclude>
    <ClInclude Include="Include\MLadderGroup.h">
      <Filter>MatchServer\Ladder</Filter>
    </ClInclude>
    <ClInclude Include="Include\MLadderMgr.h">
      <Filter>MatchServer\Ladder</Filter>
    </ClInclude>
    <ClInclude Include="Include\MLadderPicker.h">
      <Filter>MatchServer\Ladder</Filter>
    </ClInclude>
    <ClInclude Include="Include\MLadderStatistics.h">
      <Filter>MatchServer\Ladder</Filter>
    </ClInclude>
    <ClInclude Include="Include\MTeamGameStrategy.h">
      <Filter>MatchServer\Ladder</Filter>
    </ClInclude>
    <ClInclude Include="Include\MBaseChannelRule.h">
      <Filter>MatchServer\Game</Filter>
    </ClInclude>
    <ClInclude Include="Include\MMatchActiveTrapMgr.h">
      <Filter>MatchServer\Game</Filter>
    </ClInclude>
    <ClInclude Include="Include\MMatchChannelRule.h">
      <Filter>MatchServer\Game</Filter>
    </ClInclude>
    <ClInclude Include="Include\MMatchFormula.h">
      <Filter>MatchServer\Game</Filter>
    </ClInclude>
    <ClInclude Include="Include\MMatchMap.h">
      <Filter>MatchServer\Game</Filter>
    </ClInclude>
    <ClInclude Include="Include\MMatchStage.h">
      <Filter>MatchServer\Game</Filter>
    </ClInclude>
    <ClInclude Include="Include\MMatchStageSetting.h">
      <Filter>MatchServer\Game</Filter>
    </ClInclude>
    <ClInclude Include="Include\MMatchWorldItem.h">
      <Filter>MatchServer\Game</Filter>
    </ClInclude>
    <ClInclude Include="Include\MMatchWorldItemDesc.h">
      <Filter>MatchServer\Game</Filter>
    </ClInclude>
    <ClInclude Include="Include\MMatchNPCObject.h">
      <Filter>MatchServer\Game\Quest</Filter>
    </ClInclude>
    <ClInclude Include="Include\MMatchQuest.h">
      <Filter>MatchServer\Game\Quest</Filter>
    </ClInclude>
    <ClInclude Include="Include\MMatchQuestGameLog.h">
      <Filter>MatchServer\Game\Quest</Filter>
    </ClInclude>
    <ClInclude Include="Include\MMatchQuestMonsterGroup.h">
      <Filter>MatchServer\Game\Quest</Filter>
    </ClInclude>
    <ClInclude Include="Include\MMatchQuestRound.h">
      <Filter>MatchServer\Game\Quest</Filter>
    </ClInclude>
    <ClInclude Include="Include\MMatchSurvivalGameLog.h">
      <Filter>MatchServer\Game\Quest</Filter>
    </ClInclude>
    <ClInclude Include="Include\MQuestDropTable.h">
      <Filter>MatchServer\Game\Quest</Filter>
    </ClInclude>
    <ClInclude Include="Include\MQuestFormula.h">
      <Filter>MatchServer\Game\Quest</Filter>
    </ClInclude>
    <ClInclude Include="Include\MQuestItem.h">
      <Filter>MatchServer\Game\Quest</Filter>
    </ClInclude>
    <ClInclude Include="Include\MQuestLevel.h">
      <Filter>MatchServer\Game\Quest</Filter>
    </ClInclude>
    <ClInclude Include="Include\MQuestLevelGenerator.h">
      <Filter>MatchServer\Game\Quest</Filter>
    </ClInclude>
    <ClInclude Include="Include\MQuestNPCSpawnTrigger.h">
      <Filter>MatchServer\Game\Quest</Filter>
    </ClInclude>
    <ClInclude Include="Include\MQuestPlayer.h">
      <Filter>MatchServer\Game\Quest</Filter>
    </ClInclude>
    <ClInclude Include="Include\MSacrificeQItemTable.h">
      <Filter>MatchServer\Game\Quest</Filter>
    </ClInclude>
    <ClInclude Include="Include\MSurvivalRankInfo.h">
      <Filter>MatchServer\Game\Quest</Filter>
    </ClInclude>
    <ClInclude Include="Include\MBaseQuest.h">
      <Filter>MatchServer\Game\Quest\Base</Filter>
    </ClInclude>
    <ClInclude Include="Include\MQuestConst.h">
      <Filter>MatchServer\Game\Quest\Base</Filter>
    </ClInclude>
    <ClInclude Include="Include\MQuestMap.h">
      <Filter>MatchServer\Game\Quest\Base</Filter>
    </ClInclude>
    <ClInclude Include="Include\MQuestNPC.h">
      <Filter>MatchServer\Game\Quest\Base</Filter>
    </ClInclude>
    <ClInclude Include="Include\MQuestScenario.h">
      <Filter>MatchServer\Game\Quest\Base</Filter>
    </ClInclude>
    <ClInclude Include="Include\MSurvivalMap.h">
      <Filter>MatchServer\Game\Quest\Base</Filter>
    </ClInclude>
    <ClInclude Include="Include\MBaseGameType.h">
      <Filter>MatchServer\Game\GameType</Filter>
    </ClInclude>
    <ClInclude Include="Include\MMatchGameType.h">
      <Filter>MatchServer\Game\GameType</Filter>
    </ClInclude>
    <ClInclude Include="Include\MMatchRule.h">
      <Filter>MatchServer\Game\GameType</Filter>
    </ClInclude>
    <ClInclude Include="Include\MMatchRuleAssassinate.h">
      <Filter>MatchServer\Game\GameType</Filter>
    </ClInclude>
    <ClInclude Include="Include\MMatchRuleBerserker.h">
      <Filter>MatchServer\Game\GameType</Filter>
    </ClInclude>
    <ClInclude Include="Include\MMatchRuleDeathMatch.h">
      <Filter>MatchServer\Game\GameType</Filter>
    </ClInclude>
    <ClInclude Include="Include\MMatchRuleDuel.h">
      <Filter>MatchServer\Game\GameType</Filter>
    </ClInclude>
    <ClInclude Include="Include\MMatchRuleGladiator.h">
      <Filter>MatchServer\Game\GameType</Filter>
    </ClInclude>
    <ClInclude Include="Include\MMatchRuleTraining.h">
      <Filter>MatchServer\Game\GameType</Filter>
    </ClInclude>
    <ClInclude Include="Include\MMatchRuleBaseQuest.h">
      <Filter>MatchServer\Game\GameType\QuestGameType</Filter>
    </ClInclude>
    <ClInclude Include="Include\MMatchRuleQuest.h">
      <Filter>MatchServer\Game\GameType\QuestGameType</Filter>
    </ClInclude>
    <ClInclude Include="Include\MMatchRuleSurvival.h">
      <Filter>MatchServer\Game\GameType\QuestGameType</Filter>
    </ClInclude>
    <ClInclude Include="Include\MMatchDuelTournamentMgr.h">
      <Filter>MatchServer\Game\Duel Tournament\GameManager</Filter>
    </ClInclude>
    <ClInclude Include="Include\MDuelTournamentGroup.h">
      <Filter>MatchServer\Game\Duel Tournament\GameManager\MatchMaker</Filter>
    </ClInclude>
    <ClInclude Include="Include\MDuelTournamentMatchMaker.h">
      <Filter>MatchServer\Game\Duel Tournament\GameManager\MatchMaker</Filter>
    </ClInclude>
    <ClInclude Include="Include\MDuelTournamentTicket.h">
      <Filter>MatchServer\Game\Duel Tournament\GameManager\MatchMaker</Filter>
    </ClInclude>
    <ClInclude Include="Include\MDuelTournamentTicketPicker.h">
      <Filter>MatchServer\Game\Duel Tournament\GameManager\MatchMaker</Filter>
    </ClInclude>
    <ClInclude Include="Include\MDuelTournamentTimeChecker.h">
      <Filter>MatchServer\Game\Duel Tournament\GameManager\TimeChecker</Filter>
    </ClInclude>
    <ClInclude Include="Include\MMatchRuleDuelTournament.h">
      <Filter>MatchServer\Game\Duel Tournament\GameRule</Filter>
    </ClInclude>
    <ClInclude Include="Include\MDuelTournamentFormula.h">
      <Filter>MatchServer\Game\Duel Tournament\GameRule\Formula</Filter>
    </ClInclude>
    <ClInclude Include="Include\MAgentObject.h">
      <Filter>MatchServer\Object</Filter>
    </ClInclude>
    <ClInclude Include="Include\MMatchAntiHack.h">
      <Filter>MatchServer\Object</Filter>
    </ClInclude>
    <ClInclude Include="Include\MMatchAuth.h">
      <Filter>MatchServer\Object</Filter>
    </ClInclude>
    <ClInclude Include="Include\MMatchHShield.h">
      <Filter>MatchServer\Object</Filter>
    </ClInclude>
    <ClInclude Include="Include\MMatchObjCache.h">
      <Filter>MatchServer\Object</Filter>
    </ClInclude>
    <ClInclude Include="Include\MMatchObject.h">
      <Filter>MatchServer\Object</Filter>
    </ClInclude>
    <ClInclude Include="Include\MMatchObjectCharBuffInfo.h">
      <Filter>MatchServer\Object</Filter>
    </ClInclude>
    <ClInclude Include="MMatchObjectCommandHistory.h">
      <Filter>MatchServer\Object</Filter>
    </ClInclude>
    <ClInclude Include="Include\MBaseItem.h">
      <Filter>MatchServer\Object\Item</Filter>
    </ClInclude>
    <ClInclude Include="Include\MMatchItem.h">
      <Filter>MatchServer\Object\Item</Filter>
    </ClInclude>
    <ClInclude Include="Include\MMatchItemFunction.h">
      <Filter>MatchServer\Object\Item</Filter>
    </ClInclude>
    <ClInclude Include="Include\MMatchBaseGambleItem.h">
      <Filter>MatchServer\Object\Item\GambleItem</Filter>
    </ClInclude>
    <ClInclude Include="Include\MMatchDBBaseGambleItem.h">
      <Filter>MatchServer\Object\Item\GambleItem</Filter>
    </ClInclude>
    <ClInclude Include="Include\MMatchDBGambleItem.h">
      <Filter>MatchServer\Object\Item\GambleItem</Filter>
    </ClInclude>
    <ClInclude Include="Include\MMatchGambleItem.h">
      <Filter>MatchServer\Object\Item\GambleItem</Filter>
    </ClInclude>
    <ClInclude Include="Include\MMatchGambleMachine.h">
      <Filter>MatchServer\Object\Item\GambleItem</Filter>
    </ClInclude>
    <ClInclude Include="Include\MMatchBuff.h">
      <Filter>MatchServer\Object\Item\Buff</Filter>
    </ClInclude>
    <ClInclude Include="Include\MMatchBuffSummary.h">
      <Filter>MatchServer\Object\Item\Buff</Filter>
    </ClInclude>
    <ClInclude Include="Include\MMatchAccountPenaltyInfo.h">
      <Filter>MatchServer\Object\PenaltyInfo</Filter>
    </ClInclude>
    <ClInclude Include="Include\MMatchBRMachine.h">
      <Filter>MatchServer\Object\BattleTimeReward</Filter>
    </ClInclude>
    <ClInclude Include="Include\MMatchCharBRInfo.h">
      <Filter>MatchServer\Object\BattleTimeReward</Filter>
    </ClInclude>
    <ClInclude Include="Include\MMatchDBMgr.h">
      <Filter>MatchServer\DB</Filter>
    </ClInclude>
    <ClInclude Include="Include\MMatchDBFilter.h">
      <Filter>MatchServer\DB\Filter</Filter>
    </ClInclude>
    <ClInclude Include="Include\MMatchAdmin.h">
      <Filter>MatchServer\Server</Filter>
    </ClInclude>
    <ClInclude Include="Include\MMatchChannel.h">
      <Filter>MatchServer\Server</Filter>
    </ClInclude>
    <ClInclude Include="Include\MMatchChatRoom.h">
      <Filter>MatchServer\Server</Filter>
    </ClInclude>
    <ClInclude Include="Include\MMatchCheckLoopTime.h">
      <Filter>MatchServer\Server</Filter>
    </ClInclude>
    <ClInclude Include="Include\MMatchClan.h">
      <Filter>MatchServer\Server</Filter>
    </ClInclude>
    <ClInclude Include="Include\MMatchFriendInfo.h">
      <Filter>MatchServer\Server</Filter>
    </ClInclude>
    <ClInclude Include="Include\MMatchGlobal.h">
      <Filter>MatchServer\Server</Filter>
    </ClInclude>
    <ClInclude Include="Include\MMatchNotify.h">
      <Filter>MatchServer\Server</Filter>
    </ClInclude>
    <ClInclude Include="Include\MMatchPremiumIPCache.h">
      <Filter>MatchServer\Server</Filter>
    </ClInclude>
    <ClInclude Include="Include\MMatchSchedule.h">
      <Filter>MatchServer\Server</Filter>
    </ClInclude>
    <ClInclude Include="Include\MMatchShop.h">
      <Filter>MatchServer\Server</Filter>
    </ClInclude>
    <ClInclude Include="Include\MMatchShutdown.h">
      <Filter>MatchServer\Server</Filter>
    </ClInclude>
    <ClInclude Include="Include\MMatchStatus.h">
      <Filter>MatchServer\Server</Filter>
    </ClInclude>
    <ClInclude Include="Include\MMatchTransDataType.h">
      <Filter>MatchServer\Server</Filter>
    </ClInclude>
    <ClInclude Include="Include\MMatchTypes.h">
      <Filter>MatchServer\Server</Filter>
    </ClInclude>
    <ClInclude Include="Include\MMatchUtil.h">
      <Filter>MatchServer\Server</Filter>
    </ClInclude>
    <ClInclude Include="Include\MSmartRefreshImpl.h">
      <Filter>MatchServer\Server</Filter>
    </ClInclude>
    <ClInclude Include="Include\MVoteDiscussImpl.h">
      <Filter>MatchServer\Server</Filter>
    </ClInclude>
    <ClInclude Include="Include\MVoteMgr.h">
      <Filter>MatchServer\Server</Filter>
    </ClInclude>
    <ClInclude Include="Include\MMatchServer.h">
      <Filter>MatchServer\MMatchServer</Filter>
    </ClInclude>
    <ClInclude Include="Include\MMatchEvent.h">
      <Filter>MatchServer\Event</Filter>
    </ClInclude>
    <ClInclude Include="Include\MMatchEventFactory.h">
      <Filter>MatchServer\Event</Filter>
    </ClInclude>
    <ClInclude Include="Include\MMatchEventManager.h">
      <Filter>MatchServer\Event</Filter>
    </ClInclude>
    <ClInclude Include="Include\MMatchConfig.h">
      <Filter>MatchServer\MMatchConfig</Filter>
    </ClInclude>
    <ClInclude Include="MMatchKillTrackerConfig.h">
      <Filter>MatchServer\MMatchConfig</Filter>
    </ClInclude>
    <ClInclude Include="Include\MAsyncDBJob.h">
      <Filter>AsyncProxy</Filter>
    </ClInclude>
    <ClInclude Include="Include\MAsyncDBJob_BuyQuestItem.h">
      <Filter>AsyncProxy</Filter>
    </ClInclude>
    <ClInclude Include="Include\MAsyncDBJob_CharFinalize.h">
      <Filter>AsyncProxy</Filter>
    </ClInclude>
    <ClInclude Include="Include\MAsyncDBJob_DuelTournament.h">
      <Filter>AsyncProxy</Filter>
    </ClInclude>
    <ClInclude Include="Include\MAsyncDBJob_Event.h">
      <Filter>AsyncProxy</Filter>
    </ClInclude>
    <ClInclude Include="Include\MAsyncDBJob_FriendList.h">
      <Filter>AsyncProxy</Filter>
    </ClInclude>
    <ClInclude Include="MAsyncDBJob_GetAccountItemList.h">
      <Filter>AsyncProxy</Filter>
    </ClInclude>
    <ClInclude Include="Include\MAsyncDBJob_GetBRDescription.h">
      <Filter>AsyncProxy</Filter>
    </ClInclude>
    <ClInclude Include="Include\MAsyncDBJob_GetLoginInfo.h">
      <Filter>AsyncProxy</Filter>
    </ClInclude>
    <ClInclude Include="Include\MAsyncDBJob_InsertCharBRInfo.h">
      <Filter>AsyncProxy</Filter>
    </ClInclude>
    <ClInclude Include="Include\MAsyncDBJob_InsertConnLog.h">
      <Filter>AsyncProxy</Filter>
    </ClInclude>
    <ClInclude Include="Include\MAsyncDBJob_InsertGamePlayerLog.h">
      <Filter>AsyncProxy</Filter>
    </ClInclude>
    <ClInclude Include="Include\MAsyncDBJob_RewardCharBR.h">
      <Filter>AsyncProxy</Filter>
    </ClInclude>
    <ClInclude Include="Include\MAsyncDBJob_SurvivalMode.h">
      <Filter>AsyncProxy</Filter>
    </ClInclude>
    <ClInclude Include="Include\MAsyncDBJob_UpdateAccountLastLoginTime.h">
      <Filter>AsyncProxy</Filter>
    </ClInclude>
    <ClInclude Include="Include\MAsyncDBJob_UpdateCharBRInfo.h">
      <Filter>AsyncProxy</Filter>
    </ClInclude>
    <ClInclude Include="Include\MAsyncDBJob_UpdateCharInfoData.h">
      <Filter>AsyncProxy</Filter>
    </ClInclude>
    <ClInclude Include="Include\MAsyncDBJob_UpdateCharItemInfoData.h">
      <Filter>AsyncProxy</Filter>
    </ClInclude>
    <ClInclude Include="Include\MAsyncDBJob_UpdateClanGrade.h">
      <Filter>AsyncProxy</Filter>
    </ClInclude>
    <ClInclude Include="Include\MAsyncDBJob_WinTheClanGame.h">
      <Filter>AsyncProxy</Filter>
    </ClInclude>
    <ClInclude Include="Include\MAsyncProxy.h">
      <Filter>AsyncProxy</Filter>
    </ClInclude>
    <ClInclude Include="MMatchPowerLevelingConfig.h">
      <Filter>AsyncProxy</Filter>
    </ClInclude>
    <ClInclude Include="Include\MCommandCommunicator.h">
      <Filter>CommandCommunicator</Filter>
    </ClInclude>
    <ClInclude Include="Include\MXmlParser.h">
      <Filter>Util</Filter>
    </ClInclude>
    <ClInclude Include="Include\MBaseLocale.h">
      <Filter>Locate</Filter>
    </ClInclude>
    <ClInclude Include="Include\MLocaleDefine.h">
      <Filter>Locate</Filter>
    </ClInclude>
    <ClInclude Include="Include\MMatchLocale.h">
      <Filter>Locate</Filter>
    </ClInclude>
    <ClInclude Include="Include\MNJ_DBAgentClient.h">
      <Filter>Locate</Filter>
    </ClInclude>
    <ClInclude Include="Include\MBaseStringResManager.h">
      <Filter>StringRes</Filter>
    </ClInclude>
    <ClInclude Include="Include\MErrorTable.h">
      <Filter>StringRes</Filter>
    </ClInclude>
    <ClInclude Include="Include\MMatchStringResManager.h">
      <Filter>StringRes</Filter>
    </ClInclude>
    <ClInclude Include="Include\MStringRes.h">
      <Filter>StringRes</Filter>
    </ClInclude>
    <ClInclude Include="MConnectHistory.h">
      <Filter>Security</Filter>
    </ClInclude>
    <ClInclude Include="Include\MHackingCharList.h">
      <Filter>Security</Filter>
    </ClInclude>
    <ClInclude Include="Include\MHackingTypes.h">
      <Filter>Security</Filter>
    </ClInclude>
    <ClInclude Include="Include\MMatchCRC32XORCache.h">
      <Filter>Security</Filter>
    </ClInclude>
    <ClInclude Include="Include\TestCRC32XORCache.h">
      <Filter>Security\Test</Filter>
    </ClInclude>
    <ClInclude Include="Include\MMatchDebug.h" />
    <ClInclude Include="Include\stdafx.h" />
    <ClInclude Include="MFeatureDefine.h">
      <Filter>Map</Filter>
    </ClInclude>
    <ClInclude Include="Include\MLanguageConf.h" />
    <ClInclude Include="Include\MMatchLanguageConf.h" />
    <ClInclude Include="Include\MMessenger.h" />
    <ClInclude Include="MMatchRuleGunGame.h">
      <Filter>MatchServer\Game\GameType</Filter>
    </ClInclude>
    <ClInclude Include="GunGame.h">
      <Filter>CustomXMLS</Filter>
    </ClInclude>
    <ClInclude Include="SpyMode.h">
      <Filter>CustomXMLS</Filter>
    </ClInclude>
    <ClInclude Include="MMatchRuleInfection.h">
      <Filter>MatchServer\Game\GameType</Filter>
    </ClInclude>
    <ClInclude Include="MMatchRuleSpyMode.h">
      <Filter>MatchServer\Game\GameType</Filter>
    </ClInclude>
    <ClInclude Include="Include\MActorDef.h">
      <Filter>MatchServer\Game\Quest</Filter>
    </ClInclude>
    <ClInclude Include="Include\MMatchRuleQuestChallenge.h">
      <Filter>MatchServer\Game\GameType\QuestGameType</Filter>
    </ClInclude>
    <ClInclude Include="Include\IMatchRuleNewQuest.h" />
    <ClInclude Include="Blitz.h">
      <Filter>CustomXMLS</Filter>
    </ClInclude>
    <ClInclude Include="MMatchRuleBlitzKrieg.h">
      <Filter>MatchServer\Game\GameType\QuestGameType</Filter>
    </ClInclude>
    <ClInclude Include="Achievements.h">
      <Filter>CustomXMLS</Filter>
    </ClInclude>
    <ClInclude Include="MMatchRuleCTF.h">
      <Filter>MatchServer\Game\GameType</Filter>
    </ClInclude>
    <ClInclude Include="MMatchRuleSkillMap.h">
      <Filter>MatchServer\Game\GameType</Filter>
    </ClInclude>
    <ClInclude Include="MCompanionDef.h">
      <Filter>MatchServer\Game</Filter>
    </ClInclude>
    <ClInclude Include="MMatchRuleDemolition.h">
      <Filter>MatchServer\Game\GameType</Filter>
    </ClInclude>
    <ClInclude Include="Demolition.h">
      <Filter>CustomXMLS</Filter>
    </ClInclude>
    <ClInclude Include="SkillMap.h">
      <Filter>CustomXMLS</Filter>
    </ClInclude>
    <ClInclude Include="..\sdk\md5\md5.h" />
    <ClInclude Include="Include\AntiSql.h">
      <Filter>MatchServer\DB\Filter</Filter>
    </ClInclude>
  </ItemGroup>
  <ItemGroup>
    <ClCompile Include="Source\MCommand.cpp">
      <Filter>Command</Filter>
    </ClCompile>
    <ClCompile Include="Source\MCommandBuilder.cpp">
      <Filter>Command</Filter>
    </ClCompile>
    <ClCompile Include="Source\MCommandManager.cpp">
      <Filter>Command</Filter>
    </ClCompile>
    <ClCompile Include="Source\MCommandParameter.cpp">
      <Filter>Command</Filter>
    </ClCompile>
    <ClCompile Include="Source\MCommandProfiler.cpp">
      <Filter>Command</Filter>
    </ClCompile>
    <ClCompile Include="Source\MGridMap.cpp">
      <Filter>Map</Filter>
    </ClCompile>
    <ClCompile Include="Source\MUID.cpp">
      <Filter>MUID</Filter>
    </ClCompile>
    <ClCompile Include="Source\MObject.cpp">
      <Filter>Object</Filter>
    </ClCompile>
    <ClCompile Include="Source\MSharedCommandTable.cpp">
      <Filter>SharedCommand</Filter>
    </ClCompile>
    <ClCompile Include="Source\MMaster.cpp">
      <Filter>Master</Filter>
    </ClCompile>
    <ClCompile Include="Source\MChattingFilter.cpp">
      <Filter>Client</Filter>
    </ClCompile>
    <ClCompile Include="Source\MClient.cpp">
      <Filter>Client</Filter>
    </ClCompile>
    <ClCompile Include="Source\MCustomClient.cpp">
      <Filter>Client</Filter>
    </ClCompile>
    <ClCompile Include="Source\MMatchClient.cpp">
      <Filter>Client</Filter>
    </ClCompile>
    <ClCompile Include="Source\MTCPSocket.cpp">
      <Filter>Client</Filter>
    </ClCompile>
    <ClCompile Include="Source\MServer.cpp">
      <Filter>Server</Filter>
    </ClCompile>
    <ClCompile Include="Source\RealCPNet.cpp">
      <Filter>IOCPNet</Filter>
    </ClCompile>
    <ClCompile Include="Source\MPacket.cpp">
      <Filter>Packet</Filter>
    </ClCompile>
    <ClCompile Include="Source\MPacketCrypter.cpp">
      <Filter>Packet</Filter>
    </ClCompile>
    <ClCompile Include="Source\MPacketHShieldCrypter.cpp">
      <Filter>Packet</Filter>
    </ClCompile>
    <ClCompile Include="Source\MLadderMgr.cpp">
      <Filter>MatchServer\Ladder</Filter>
    </ClCompile>
    <ClCompile Include="Source\MLadderPicker.cpp">
      <Filter>MatchServer\Ladder</Filter>
    </ClCompile>
    <ClCompile Include="Source\MLadderStatistics.cpp">
      <Filter>MatchServer\Ladder</Filter>
    </ClCompile>
    <ClCompile Include="Source\MTeamGameStrategy.cpp">
      <Filter>MatchServer\Ladder</Filter>
    </ClCompile>
    <ClCompile Include="Source\MBaseChannelRule.cpp">
      <Filter>MatchServer\Game</Filter>
    </ClCompile>
    <ClCompile Include="Source\MMatchActiveTrapMgr.cpp">
      <Filter>MatchServer\Game</Filter>
    </ClCompile>
    <ClCompile Include="Source\MMatchChannelRule.cpp">
      <Filter>MatchServer\Game</Filter>
    </ClCompile>
    <ClCompile Include="Source\MMatchFormula.cpp">
      <Filter>MatchServer\Game</Filter>
    </ClCompile>
    <ClCompile Include="Source\MMatchMap.cpp">
      <Filter>MatchServer\Game</Filter>
    </ClCompile>
    <ClCompile Include="Source\MMatchStage.cpp">
      <Filter>MatchServer\Game</Filter>
    </ClCompile>
    <ClCompile Include="Source\MMatchStageSetting.cpp">
      <Filter>MatchServer\Game</Filter>
    </ClCompile>
    <ClCompile Include="Source\MMatchWorldItem.cpp">
      <Filter>MatchServer\Game</Filter>
    </ClCompile>
    <ClCompile Include="Source\MMatchWorldItemDesc.cpp">
      <Filter>MatchServer\Game</Filter>
    </ClCompile>
    <ClCompile Include="Source\MMatchNPCObject.cpp">
      <Filter>MatchServer\Game\Quest</Filter>
    </ClCompile>
    <ClCompile Include="Source\MMatchQuest.cpp">
      <Filter>MatchServer\Game\Quest</Filter>
    </ClCompile>
    <ClCompile Include="Source\MMatchQuestGameLog.cpp">
      <Filter>MatchServer\Game\Quest</Filter>
    </ClCompile>
    <ClCompile Include="Source\MMatchQuestMonsterGroup.cpp">
      <Filter>MatchServer\Game\Quest</Filter>
    </ClCompile>
    <ClCompile Include="Source\MMatchQuestRound.cpp">
      <Filter>MatchServer\Game\Quest</Filter>
    </ClCompile>
    <ClCompile Include="Source\MMatchSurvivalGameLog.cpp">
      <Filter>MatchServer\Game\Quest</Filter>
    </ClCompile>
    <ClCompile Include="Source\MQuestDropTable.cpp">
      <Filter>MatchServer\Game\Quest</Filter>
    </ClCompile>
    <ClCompile Include="Source\MQuestFormula.cpp">
      <Filter>MatchServer\Game\Quest</Filter>
    </ClCompile>
    <ClCompile Include="Source\MQuestItem.cpp">
      <Filter>MatchServer\Game\Quest</Filter>
    </ClCompile>
    <ClCompile Include="Source\MQuestLevel.cpp">
      <Filter>MatchServer\Game\Quest</Filter>
    </ClCompile>
    <ClCompile Include="Source\MQuestLevelGenerator.cpp">
      <Filter>MatchServer\Game\Quest</Filter>
    </ClCompile>
    <ClCompile Include="Source\MQuestNPCSpawnTrigger.cpp">
      <Filter>MatchServer\Game\Quest</Filter>
    </ClCompile>
    <ClCompile Include="Source\MQuestPlayer.cpp">
      <Filter>MatchServer\Game\Quest</Filter>
    </ClCompile>
    <ClCompile Include="Source\MSacrificeQItemTable.cpp">
      <Filter>MatchServer\Game\Quest</Filter>
    </ClCompile>
    <ClCompile Include="Source\MSurvivalRankInfo.cpp">
      <Filter>MatchServer\Game\Quest</Filter>
    </ClCompile>
    <ClCompile Include="Source\MBaseQuest.cpp">
      <Filter>MatchServer\Game\Quest\Base</Filter>
    </ClCompile>
    <ClCompile Include="Source\MQuestMap.cpp">
      <Filter>MatchServer\Game\Quest\Base</Filter>
    </ClCompile>
    <ClCompile Include="Source\MQuestNPC.cpp">
      <Filter>MatchServer\Game\Quest\Base</Filter>
    </ClCompile>
    <ClCompile Include="Source\MQuestScenario.cpp">
      <Filter>MatchServer\Game\Quest\Base</Filter>
    </ClCompile>
    <ClCompile Include="Source\MSurvivalMap.cpp">
      <Filter>MatchServer\Game\Quest\Base</Filter>
    </ClCompile>
    <ClCompile Include="Source\MBaseGameType.cpp">
      <Filter>MatchServer\Game\GameType</Filter>
    </ClCompile>
    <ClCompile Include="Source\MMatchGameType.cpp">
      <Filter>MatchServer\Game\GameType</Filter>
    </ClCompile>
    <ClCompile Include="Source\MMatchRule.cpp">
      <Filter>MatchServer\Game\GameType</Filter>
    </ClCompile>
    <ClCompile Include="Source\MMatchRuleAssassinate.cpp">
      <Filter>MatchServer\Game\GameType</Filter>
    </ClCompile>
    <ClCompile Include="Source\MMatchRuleBerserker.cpp">
      <Filter>MatchServer\Game\GameType</Filter>
    </ClCompile>
    <ClCompile Include="Source\MMatchRuleDeathMatch.cpp">
      <Filter>MatchServer\Game\GameType</Filter>
    </ClCompile>
    <ClCompile Include="Source\MMatchRuleDuel.cpp">
      <Filter>MatchServer\Game\GameType</Filter>
    </ClCompile>
    <ClCompile Include="Source\MMatchRuleGladiator.cpp">
      <Filter>MatchServer\Game\GameType</Filter>
    </ClCompile>
    <ClCompile Include="Source\MMatchRuleTraining.cpp">
      <Filter>MatchServer\Game\GameType</Filter>
    </ClCompile>
    <ClCompile Include="Source\MMatchRuleBaseQuest.cpp">
      <Filter>MatchServer\Game\GameType\QuestGameType</Filter>
    </ClCompile>
    <ClCompile Include="Source\MMatchRuleQuest.cpp">
      <Filter>MatchServer\Game\GameType\QuestGameType</Filter>
    </ClCompile>
    <ClCompile Include="Source\MMatchRuleSurvival.cpp">
      <Filter>MatchServer\Game\GameType\QuestGameType</Filter>
    </ClCompile>
    <ClCompile Include="Source\MMatchDuelTournamentMgr.cpp">
      <Filter>MatchServer\Game\Duel Tournament\GameManager</Filter>
    </ClCompile>
    <ClCompile Include="Source\MDuelTournamentMatchMaker.cpp">
      <Filter>MatchServer\Game\Duel Tournament\GameManager\MatchMaker</Filter>
    </ClCompile>
    <ClCompile Include="Source\MDuelTournamentTicketPicker.cpp">
      <Filter>MatchServer\Game\Duel Tournament\GameManager\MatchMaker</Filter>
    </ClCompile>
    <ClCompile Include="Source\MDuelTournamentTimeChecker.cpp">
      <Filter>MatchServer\Game\Duel Tournament\GameManager\TimeChecker</Filter>
    </ClCompile>
    <ClCompile Include="Source\MMatchRuleDuelTournament.cpp">
      <Filter>MatchServer\Game\Duel Tournament\GameRule</Filter>
    </ClCompile>
    <ClCompile Include="Source\MDuelTournamentFormula.cpp">
      <Filter>MatchServer\Game\Duel Tournament\GameRule\Formula</Filter>
    </ClCompile>
    <ClCompile Include="Source\MAgentObject.cpp">
      <Filter>MatchServer\Object</Filter>
    </ClCompile>
    <ClCompile Include="Source\MMatchAntiHack.cpp">
      <Filter>MatchServer\Object</Filter>
    </ClCompile>
    <ClCompile Include="Source\MMatchHShield.cpp">
      <Filter>MatchServer\Object</Filter>
    </ClCompile>
    <ClCompile Include="Source\MMatchObjCache.cpp">
      <Filter>MatchServer\Object</Filter>
    </ClCompile>
    <ClCompile Include="Source\MMatchObject.cpp">
      <Filter>MatchServer\Object</Filter>
    </ClCompile>
    <ClCompile Include="Source\MMatchObjectCharBuffInfo.cpp">
      <Filter>MatchServer\Object</Filter>
    </ClCompile>
    <ClCompile Include="MMatchObjectCommandHistory.cpp">
      <Filter>MatchServer\Object</Filter>
    </ClCompile>
    <ClCompile Include="Source\MMatchItem.cpp">
      <Filter>MatchServer\Object\Item</Filter>
    </ClCompile>
    <ClCompile Include="Source\MMatchItemFunction.cpp">
      <Filter>MatchServer\Object\Item</Filter>
    </ClCompile>
    <ClCompile Include="Source\MMatchDBGambleItem.cpp">
      <Filter>MatchServer\Object\Item\GambleItem</Filter>
    </ClCompile>
    <ClCompile Include="Source\MMatchGambleItem.cpp">
      <Filter>MatchServer\Object\Item\GambleItem</Filter>
    </ClCompile>
    <ClCompile Include="Source\MMatchGambleMachine.cpp">
      <Filter>MatchServer\Object\Item\GambleItem</Filter>
    </ClCompile>
    <ClCompile Include="Source\MMatchBuff.cpp">
      <Filter>MatchServer\Object\Item\Buff</Filter>
    </ClCompile>
    <ClCompile Include="Source\MMatchBuffSummary.cpp">
      <Filter>MatchServer\Object\Item\Buff</Filter>
    </ClCompile>
    <ClCompile Include="Source\MMatchAccountPenaltyInfo.cpp">
      <Filter>MatchServer\Object\PenaltyInfo</Filter>
    </ClCompile>
    <ClCompile Include="Source\MMatchBRMachine.cpp">
      <Filter>MatchServer\Object\BattleTimeReward</Filter>
    </ClCompile>
    <ClCompile Include="Source\MMatchCharBRInfo.cpp">
      <Filter>MatchServer\Object\BattleTimeReward</Filter>
    </ClCompile>
    <ClCompile Include="Source\MMatchDBMgr.cpp">
      <Filter>MatchServer\DB</Filter>
    </ClCompile>
    <ClCompile Include="Source\MMatchDBMgr_AccountItem.cpp">
      <Filter>MatchServer\DB</Filter>
    </ClCompile>
    <ClCompile Include="Source\MMatchDBFilter.cpp">
      <Filter>MatchServer\DB\Filter</Filter>
    </ClCompile>
    <ClCompile Include="Source\MMatchAdmin.cpp">
      <Filter>MatchServer\Server</Filter>
    </ClCompile>
    <ClCompile Include="Source\MMatchChannel.cpp">
      <Filter>MatchServer\Server</Filter>
    </ClCompile>
    <ClCompile Include="Source\MMatchChatRoom.cpp">
      <Filter>MatchServer\Server</Filter>
    </ClCompile>
    <ClCompile Include="Source\MMatchCheckLoopTime.cpp">
      <Filter>MatchServer\Server</Filter>
    </ClCompile>
    <ClCompile Include="Source\MMatchClan.cpp">
      <Filter>MatchServer\Server</Filter>
    </ClCompile>
    <ClCompile Include="Source\MMatchFriendInfo.cpp">
      <Filter>MatchServer\Server</Filter>
    </ClCompile>
    <ClCompile Include="Source\MMatchGlobal.cpp">
      <Filter>MatchServer\Server</Filter>
    </ClCompile>
    <ClCompile Include="Source\MMatchNotify.cpp">
      <Filter>MatchServer\Server</Filter>
    </ClCompile>
    <ClCompile Include="Source\MMatchPremiumIPCache.cpp">
      <Filter>MatchServer\Server</Filter>
    </ClCompile>
    <ClCompile Include="Source\MMatchSchedule.cpp">
      <Filter>MatchServer\Server</Filter>
    </ClCompile>
    <ClCompile Include="Source\MMatchShop.cpp">
      <Filter>MatchServer\Server</Filter>
    </ClCompile>
    <ClCompile Include="Source\MMatchShutdown.cpp">
      <Filter>MatchServer\Server</Filter>
    </ClCompile>
    <ClCompile Include="Source\MMatchStatus.cpp">
      <Filter>MatchServer\Server</Filter>
    </ClCompile>
    <ClCompile Include="Source\MMatchTransDataType.cpp">
      <Filter>MatchServer\Server</Filter>
    </ClCompile>
    <ClCompile Include="Source\MMatchUtil.cpp">
      <Filter>MatchServer\Server</Filter>
    </ClCompile>
    <ClCompile Include="Source\MSmartRefreshImpl.cpp">
      <Filter>MatchServer\Server</Filter>
    </ClCompile>
    <ClCompile Include="Source\MVoteDiscussImpl.cpp">
      <Filter>MatchServer\Server</Filter>
    </ClCompile>
    <ClCompile Include="Source\MVoteMgr.cpp">
      <Filter>MatchServer\Server</Filter>
    </ClCompile>
    <ClCompile Include="Source\MMatchServer.cpp">
      <Filter>MatchServer\MMatchServer</Filter>
    </ClCompile>
    <ClCompile Include="Source\MMatchServer_Admin.cpp">
      <Filter>MatchServer\MMatchServer</Filter>
    </ClCompile>
    <ClCompile Include="Source\MMatchServer_Agent.cpp">
      <Filter>MatchServer\MMatchServer</Filter>
    </ClCompile>
    <ClCompile Include="MMatchServer_AntiHack.cpp">
      <Filter>MatchServer\MMatchServer</Filter>
    </ClCompile>
    <ClCompile Include="Source\MMatchServer_Async.cpp">
      <Filter>MatchServer\MMatchServer</Filter>
    </ClCompile>
    <ClCompile Include="Source\MMatchServer_Channel.cpp">
      <Filter>MatchServer\MMatchServer</Filter>
    </ClCompile>
    <ClCompile Include="Source\MMatchServer_Char.cpp">
      <Filter>MatchServer\MMatchServer</Filter>
    </ClCompile>
    <ClCompile Include="Source\MMatchServer_Clan.cpp">
      <Filter>MatchServer\MMatchServer</Filter>
    </ClCompile>
    <ClCompile Include="Source\MMatchServer_DuelTournament.cpp">
      <Filter>MatchServer\MMatchServer</Filter>
    </ClCompile>
    <ClCompile Include="Source\MMatchServer_Item.cpp">
      <Filter>MatchServer\MMatchServer</Filter>
    </ClCompile>
    <ClCompile Include="Source\MMatchServer_Ladder.cpp">
      <Filter>MatchServer\MMatchServer</Filter>
    </ClCompile>
    <ClCompile Include="Source\MMatchServer_Login.cpp">
      <Filter>MatchServer\MMatchServer</Filter>
    </ClCompile>
    <ClCompile Include="Source\MMatchServer_OnCommand.cpp">
      <Filter>MatchServer\MMatchServer</Filter>
    </ClCompile>
    <ClCompile Include="Source\MMatchServer_Quest.cpp">
      <Filter>MatchServer\MMatchServer</Filter>
    </ClCompile>
    <ClCompile Include="Source\MMatchServer_Stage.cpp">
      <Filter>MatchServer\MMatchServer</Filter>
    </ClCompile>
    <ClCompile Include="MMatchServer_Survival.cpp">
      <Filter>MatchServer\MMatchServer</Filter>
    </ClCompile>
    <ClCompile Include="Source\MMatchEvent.cpp">
      <Filter>MatchServer\Event</Filter>
    </ClCompile>
    <ClCompile Include="MMatchEventFactory.cpp">
      <Filter>MatchServer\Event</Filter>
    </ClCompile>
    <ClCompile Include="Source\MMatchEventManager.cpp">
      <Filter>MatchServer\Event</Filter>
    </ClCompile>
    <ClCompile Include="Source\MMatchConfig.cpp">
      <Filter>MatchServer\MMatchConfig</Filter>
    </ClCompile>
    <ClCompile Include="Source\MAsyncDBJob.cpp">
      <Filter>AsyncProxy</Filter>
    </ClCompile>
    <ClCompile Include="Source\MAsyncDBJob_BuyQuestItem.cpp">
      <Filter>AsyncProxy</Filter>
    </ClCompile>
    <ClCompile Include="Source\MAsyncDBJob_CharFinalize.cpp">
      <Filter>AsyncProxy</Filter>
    </ClCompile>
    <ClCompile Include="Source\MAsyncDBJob_DuelTournament.cpp">
      <Filter>AsyncProxy</Filter>
    </ClCompile>
    <ClCompile Include="Source\MAsyncDBJob_Event.cpp">
      <Filter>AsyncProxy</Filter>
    </ClCompile>
    <ClCompile Include="Source\MAsyncDBJob_FriendList.cpp">
      <Filter>AsyncProxy</Filter>
    </ClCompile>
    <ClCompile Include="MAsyncDBJob_GetAccountItemList.cpp">
      <Filter>AsyncProxy</Filter>
    </ClCompile>
    <ClCompile Include="Source\MAsyncDBJob_GetBRDescription.cpp">
      <Filter>AsyncProxy</Filter>
    </ClCompile>
    <ClCompile Include="Source\MAsyncDBJob_GetLoginInfo.cpp">
      <Filter>AsyncProxy</Filter>
    </ClCompile>
    <ClCompile Include="Source\MAsyncDBJob_InsertCharBRInfo.cpp">
      <Filter>AsyncProxy</Filter>
    </ClCompile>
    <ClCompile Include="Source\MAsyncDBJob_InsertConnLog.cpp">
      <Filter>AsyncProxy</Filter>
    </ClCompile>
    <ClCompile Include="Source\MAsyncDBJob_InsertGamePlayerLog.cpp">
      <Filter>AsyncProxy</Filter>
    </ClCompile>
    <ClCompile Include="Source\MAsyncDBJob_RewardCharBR.cpp">
      <Filter>AsyncProxy</Filter>
    </ClCompile>
    <ClCompile Include="Source\MAsyncDBJob_SurvivalMode.cpp">
      <Filter>AsyncProxy</Filter>
    </ClCompile>
    <ClCompile Include="Source\MAsyncDBJob_UpdateCharBRInfo.cpp">
      <Filter>AsyncProxy</Filter>
    </ClCompile>
    <ClCompile Include="Source\MAsyncDBJob_UpdateCharInfoData.cpp">
      <Filter>AsyncProxy</Filter>
    </ClCompile>
    <ClCompile Include="Source\MAsyncDBJob_UpdateCharItemInfoData.cpp">
      <Filter>AsyncProxy</Filter>
    </ClCompile>
    <ClCompile Include="Source\MAsyncDBJob_WinTheClanGame.cpp">
      <Filter>AsyncProxy</Filter>
    </ClCompile>
    <ClCompile Include="Source\MAsyncProxy.cpp">
      <Filter>AsyncProxy</Filter>
    </ClCompile>
    <ClCompile Include="Source\MCommandCommunicator.cpp">
      <Filter>CommandCommunicator</Filter>
    </ClCompile>
    <ClCompile Include="Source\MXmlParser.cpp">
      <Filter>Util</Filter>
    </ClCompile>
    <ClCompile Include="Source\MBaseLocale.cpp">
      <Filter>Locate</Filter>
    </ClCompile>
    <ClCompile Include="Source\MMatchLocale.cpp">
      <Filter>Locate</Filter>
    </ClCompile>
    <ClCompile Include="Source\MNJ_DBAgentClient.cpp">
      <Filter>Locate</Filter>
    </ClCompile>
    <ClCompile Include="Source\MBaseStringResManager.cpp">
      <Filter>StringRes</Filter>
    </ClCompile>
    <ClCompile Include="Source\MMatchStringResManager.cpp">
      <Filter>StringRes</Filter>
    </ClCompile>
    <ClCompile Include="MConnectHistory.cpp">
      <Filter>Security</Filter>
    </ClCompile>
    <ClCompile Include="Source\MHackingTypes.cpp">
      <Filter>Security</Filter>
    </ClCompile>
    <ClCompile Include="Source\TestCRC32XORCache.cpp">
      <Filter>Security\Test</Filter>
    </ClCompile>
    <ClCompile Include="Source\MMatchDebug.cpp" />
    <ClCompile Include="Source\stdafx.cpp" />
    <ClCompile Include="Source\MLanguageConf.cpp" />
    <ClCompile Include="Source\MMatchLanguageConf.cpp" />
    <ClCompile Include="Source\MMessenger.cpp" />
    <ClCompile Include="MMatchRuleGunGame.cpp">
      <Filter>MatchServer\Game\GameType</Filter>
    </ClCompile>
    <ClCompile Include="GunGame.cpp">
      <Filter>CustomXMLS</Filter>
    </ClCompile>
    <ClCompile Include="SpyMode.cpp">
      <Filter>CustomXMLS</Filter>
    </ClCompile>
    <ClCompile Include="MMatchRuleInfection.cpp">
      <Filter>MatchServer\Game\GameType</Filter>
    </ClCompile>
    <ClCompile Include="MMatchRuleSpyMode.cpp">
      <Filter>MatchServer\Game\GameType</Filter>
    </ClCompile>
    <ClCompile Include="Source\MNewQuestNpcManager.cpp">
      <Filter>MatchServer\Game\Quest</Filter>
    </ClCompile>
    <ClCompile Include="Source\MNewQuestPlayerManager.cpp">
      <Filter>MatchServer\Game\Quest</Filter>
    </ClCompile>
    <ClCompile Include="Source\MNewQuestScenario.cpp">
      <Filter>MatchServer\Game\Quest</Filter>
    </ClCompile>
    <ClCompile Include="Source\MActorDef.cpp">
      <Filter>MatchServer\Game\Quest</Filter>
    </ClCompile>
    <ClCompile Include="Source\MMatchRuleQuestChallenge.cpp">
      <Filter>MatchServer\Game\GameType\QuestGameType</Filter>
    </ClCompile>
    <ClCompile Include="Include\IMatchRuleNewQuest.cpp" />
    <ClCompile Include="Blitz.cpp">
      <Filter>CustomXMLS</Filter>
    </ClCompile>
    <ClCompile Include="MMatchRuleBlitzKrieg.cpp">
      <Filter>MatchServer\Game\GameType\QuestGameType</Filter>
    </ClCompile>
    <ClCompile Include="Achievements.cpp">
      <Filter>CustomXMLS</Filter>
    </ClCompile>
    <ClCompile Include="MMatchRuleCTF.cpp">
      <Filter>MatchServer\Game\GameType</Filter>
    </ClCompile>
    <ClCompile Include="MMatchRuleSkillMap.cpp">
      <Filter>MatchServer\Game\GameType</Filter>
    </ClCompile>
    <ClCompile Include="MCompanionDef.cpp">
      <Filter>MatchServer\Game</Filter>
    </ClCompile>
    <ClCompile Include="MMatchRuleDemolition.cpp">
      <Filter>MatchServer\Game\GameType</Filter>
    </ClCompile>
    <ClCompile Include="Demolition.cpp">
      <Filter>CustomXMLS</Filter>
    </ClCompile>
    <ClCompile Include="SkillMap.cpp">
      <Filter>CustomXMLS</Filter>
    </ClCompile>
    <ClCompile Include="..\sdk\md5\md5.cpp" />
  </ItemGroup>
</Project>