<?xml version="1.0" encoding="utf-8"?>
<Project ToolsVersion="4.0" xmlns="http://schemas.microsoft.com/developer/msbuild/2003">
  <ItemGroup>
    <Filter Include="Source Files">
      <UniqueIdentifier>{3914eba0-cb89-4c0a-8b0e-358df45b3274}</UniqueIdentifier>
      <Extensions>cpp;c;cxx;rc;def;r;odl;hpj;bat;for;f90</Extensions>
    </Filter>
    <Filter Include="Resource Files">
      <UniqueIdentifier>{1b341ac2-3e61-40e1-854a-204749ea9d76}</UniqueIdentifier>
      <Extensions>ico;cur;bmp;dlg;rc2;rct;bin;cnt;rtf;gif;jpg;jpeg;jpe</Extensions>
    </Filter>
    <Filter Include="Header Files">
      <UniqueIdentifier>{49b80d4c-68a4-45b9-bda0-068217a6abe2}</UniqueIdentifier>
      <Extensions>h;hpp;hxx;hm;inl;fi;fd</Extensions>
    </Filter>
  </ItemGroup>
  <ItemGroup>
    <ClCompile Include="CUSTCTRL.CPP">
      <Filter>Source Files</Filter>
    </ClCompile>
  </ItemGroup>
  <ItemGroup>
    <None Include="CUSTCTRL.DEF">
      <Filter>Source Files</Filter>
    </None>
    <None Include="ccflyimg.bmp">
      <Filter>Resource Files</Filter>
    </None>
    <None Include="ccflymsk.bmp">
      <Filter>Resource Files</Filter>
    </None>
    <None Include="tb.bmp">
      <Filter>Resource Files</Filter>
    </None>
    <None Include="tbmask.bmp">
      <Filter>Resource Files</Filter>
    </None>
  </ItemGroup>
  <ItemGroup>
    <ResourceCompile Include="CUSTCTRL.RC">
      <Filter>Source Files</Filter>
    </ResourceCompile>
  </ItemGroup>
</Project>